
Microsoft Visual Studio Solution File, Format Version 12.00
# Visual Studio Version 16
VisualStudioVersion = 16.0.30717.126
MinimumVisualStudioVersion = 10.0.40219.1
Project("{8BC9CEB8-8B4A-11D0-8D11-00A0C91BC942}") = "Functions", "Functions\Functions.vcxproj", "{E42A769E-2034-41BD-9BAE-5C60BDBB7667}"
EndProject
Global
	GlobalSection(SolutionConfigurationPlatforms) = preSolution
		Debug|x64 = Debug|x64
		Debug|x86 = Debug|x86
		Release|x64 = Release|x64
		Release|x86 = Release|x86
	EndGlobalSection
	GlobalSection(ProjectConfigurationPlatforms) = postSolution
		{E42A769E-2034-41BD-9BAE-5C60BDBB7667}.Debug|x64.ActiveCfg = Debug|x64
		{E42A769E-2034-41BD-9BAE-5C60BDBB7667}.Debug|x64.Build.0 = Debug|x64
		{E42A769E-2034-41BD-9BAE-5C60BDBB7667}.Debug|x86.ActiveCfg = Debug|Win32
		{E42A769E-2034-41BD-9BAE-5C60BDBB7667}.Debug|x86.Build.0 = Debug|Win32
		{E42A769E-2034-41BD-9BAE-5C60BDBB7667}.Release|x64.ActiveCfg = Release|x64
		{E42A769E-2034-41BD-9BAE-5C60BDBB7667}.Release|x64.Build.0 = Release|x64
		{E42A769E-2034-41BD-9BAE-5C60BDBB7667}.Release|x86.ActiveCfg = Release|Win32
		{E42A769E-2034-41BD-9BAE-5C60BDBB7667}.Release|x86.Build.0 = Release|Win32
	EndGlobalSection
	GlobalSection(SolutionProperties) = preSolution
		HideSolutionNode = FALSE
	EndGlobalSection
	GlobalSection(ExtensibilityGlobals) = postSolution
		SolutionGuid = {9C67EA2B-FADE-4EB4-90EF-89A237B3B697}
	EndGlobalSection
EndGlobal
